// !$*UTF8*$!
{
	archiveVersion = 1;
	classes = {
	};
	objectVersion = 56;
	objects = {

/* Begin PBXBuildFile section */
		7B502FF52B1616C4008B35A0 /* PlusButtonImage.swift in Sources */ = {isa = PBXBuildFile; fileRef = 7B502FF42B1616C4008B35A0 /* PlusButtonImage.swift */; };
		7B502FF72B161DF0008B35A0 /* HomeConfigView.swift in Sources */ = {isa = PBXBuildFile; fileRef = 7B502FF62B161DF0008B35A0 /* HomeConfigView.swift */; };
		7B7FD2962B17634900A29829 /* GoalData.swift in Sources */ = {isa = PBXBuildFile; fileRef = 7B7FD2952B17634900A29829 /* GoalData.swift */; };
		7B7FD2992B1764D000A29829 /* Realm in Frameworks */ = {isa = PBXBuildFile; productRef = 7B7FD2982B1764D000A29829 /* Realm */; };
		7B7FD29B2B1764D000A29829 /* RealmSwift in Frameworks */ = {isa = PBXBuildFile; productRef = 7B7FD29A2B1764D000A29829 /* RealmSwift */; };
		7B9249EE2B13488A000A2DB2 /* AchieveYourGoalApp.swift in Sources */ = {isa = PBXBuildFile; fileRef = 7B9249ED2B13488A000A2DB2 /* AchieveYourGoalApp.swift */; };
		7B9249F02B13488A000A2DB2 /* HomeView.swift in Sources */ = {isa = PBXBuildFile; fileRef = 7B9249EF2B13488A000A2DB2 /* HomeView.swift */; };
		7B9249F22B13488D000A2DB2 /* Assets.xcassets in Resources */ = {isa = PBXBuildFile; fileRef = 7B9249F12B13488D000A2DB2 /* Assets.xcassets */; };
		7B9249F52B13488D000A2DB2 /* Preview Assets.xcassets in Resources */ = {isa = PBXBuildFile; fileRef = 7B9249F42B13488D000A2DB2 /* Preview Assets.xcassets */; };
		7B924A012B134F21000A2DB2 /* Fixed.swift in Sources */ = {isa = PBXBuildFile; fileRef = 7B924A002B134F21000A2DB2 /* Fixed.swift */; };
		7B924A032B1355BA000A2DB2 /* HomeViewModel.swift in Sources */ = {isa = PBXBuildFile; fileRef = 7B924A022B1355BA000A2DB2 /* HomeViewModel.swift */; };
		7B924A072B135D2D000A2DB2 /* HeaderView.swift in Sources */ = {isa = PBXBuildFile; fileRef = 7B924A062B135D2D000A2DB2 /* HeaderView.swift */; };
/* End PBXBuildFile section */

/* Begin PBXFileReference section */
		7B502FF42B1616C4008B35A0 /* PlusButtonImage.swift */ = {isa = PBXFileReference; lastKnownFileType = sourcecode.swift; path = PlusButtonImage.swift; sourceTree = "<group>"; };
		7B502FF62B161DF0008B35A0 /* HomeConfigView.swift */ = {isa = PBXFileReference; lastKnownFileType = sourcecode.swift; path = HomeConfigView.swift; sourceTree = "<group>"; };
		7B7FD2952B17634900A29829 /* GoalData.swift */ = {isa = PBXFileReference; lastKnownFileType = sourcecode.swift; path = GoalData.swift; sourceTree = "<group>"; };
		7B9249EA2B13488A000A2DB2 /* AchieveYourGoal.app */ = {isa = PBXFileReference; explicitFileType = wrapper.application; includeInIndex = 0; path = AchieveYourGoal.app; sourceTree = BUILT_PRODUCTS_DIR; };
		7B9249ED2B13488A000A2DB2 /* AchieveYourGoalApp.swift */ = {isa = PBXFileReference; lastKnownFileType = sourcecode.swift; path = AchieveYourGoalApp.swift; sourceTree = "<group>"; };
		7B9249EF2B13488A000A2DB2 /* HomeView.swift */ = {isa = PBXFileReference; lastKnownFileType = sourcecode.swift; path = HomeView.swift; sourceTree = "<group>"; };
		7B9249F12B13488D000A2DB2 /* Assets.xcassets */ = {isa = PBXFileReference; lastKnownFileType = folder.assetcatalog; path = Assets.xcassets; sourceTree = "<group>"; };
		7B9249F42B13488D000A2DB2 /* Preview Assets.xcassets */ = {isa = PBXFileReference; lastKnownFileType = folder.assetcatalog; path = "Preview Assets.xcassets"; sourceTree = "<group>"; };
		7B924A002B134F21000A2DB2 /* Fixed.swift */ = {isa = PBXFileReference; lastKnownFileType = sourcecode.swift; path = Fixed.swift; sourceTree = "<group>"; };
		7B924A022B1355BA000A2DB2 /* HomeViewModel.swift */ = {isa = PBXFileReference; lastKnownFileType = sourcecode.swift; path = HomeViewModel.swift; sourceTree = "<group>"; };
		7B924A062B135D2D000A2DB2 /* HeaderView.swift */ = {isa = PBXFileReference; lastKnownFileType = sourcecode.swift; path = HeaderView.swift; sourceTree = "<group>"; };
/* End PBXFileReference section */

/* Begin PBXFrameworksBuildPhase section */
		7B9249E72B13488A000A2DB2 /* Frameworks */ = {
			isa = PBXFrameworksBuildPhase;
			buildActionMask = 2147483647;
			files = (
				7B7FD29B2B1764D000A29829 /* RealmSwift in Frameworks */,
				7B7FD2992B1764D000A29829 /* Realm in Frameworks */,
			);
			runOnlyForDeploymentPostprocessing = 0;
		};
/* End PBXFrameworksBuildPhase section */

/* Begin PBXGroup section */
		7B9249E12B13488A000A2DB2 = {
			isa = PBXGroup;
			children = (
				7B9249EC2B13488A000A2DB2 /* AchieveYourGoal */,
				7B9249EB2B13488A000A2DB2 /* Products */,
			);
			sourceTree = "<group>";
		};
		7B9249EB2B13488A000A2DB2 /* Products */ = {
			isa = PBXGroup;
			children = (
				7B9249EA2B13488A000A2DB2 /* AchieveYourGoal.app */,
			);
			name = Products;
			sourceTree = "<group>";
		};
		7B9249EC2B13488A000A2DB2 /* AchieveYourGoal */ = {
			isa = PBXGroup;
			children = (
				7B9249ED2B13488A000A2DB2 /* AchieveYourGoalApp.swift */,
				7B9249FB2B134BF4000A2DB2 /* Model */,
				7B9249FC2B134BFB000A2DB2 /* View */,
				7B9249FD2B134C00000A2DB2 /* ViewModel */,
				7B9249F12B13488D000A2DB2 /* Assets.xcassets */,
				7B9249F32B13488D000A2DB2 /* Preview Content */,
			);
			path = AchieveYourGoal;
			sourceTree = "<group>";
		};
		7B9249F32B13488D000A2DB2 /* Preview Content */ = {
			isa = PBXGroup;
			children = (
				7B9249F42B13488D000A2DB2 /* Preview Assets.xcassets */,
			);
			path = "Preview Content";
			sourceTree = "<group>";
		};
		7B9249FB2B134BF4000A2DB2 /* Model */ = {
			isa = PBXGroup;
			children = (
				7B924A002B134F21000A2DB2 /* Fixed.swift */,
				7B7FD2952B17634900A29829 /* GoalData.swift */,
			);
			path = Model;
			sourceTree = "<group>";
		};
		7B9249FC2B134BFB000A2DB2 /* View */ = {
			isa = PBXGroup;
			children = (
				7B9249FF2B134C70000A2DB2 /* ComposableView */,
				7B9249EF2B13488A000A2DB2 /* HomeView.swift */,
				7B502FF62B161DF0008B35A0 /* HomeConfigView.swift */,
			);
			path = View;
			sourceTree = "<group>";
		};
		7B9249FD2B134C00000A2DB2 /* ViewModel */ = {
			isa = PBXGroup;
			children = (
				7B924A022B1355BA000A2DB2 /* HomeViewModel.swift */,
			);
			path = ViewModel;
			sourceTree = "<group>";
		};
		7B9249FF2B134C70000A2DB2 /* ComposableView */ = {
			isa = PBXGroup;
			children = (
				7B924A062B135D2D000A2DB2 /* HeaderView.swift */,
				7B502FF42B1616C4008B35A0 /* PlusButtonImage.swift */,
			);
			path = ComposableView;
			sourceTree = "<group>";
		};
/* End PBXGroup section */

/* Begin PBXNativeTarget section */
		7B9249E92B13488A000A2DB2 /* AchieveYourGoal */ = {
			isa = PBXNativeTarget;
			buildConfigurationList = 7B9249F82B13488D000A2DB2 /* Build configuration list for PBXNativeTarget "AchieveYourGoal" */;
			buildPhases = (
				7B9249E62B13488A000A2DB2 /* Sources */,
				7B9249E72B13488A000A2DB2 /* Frameworks */,
				7B9249E82B13488A000A2DB2 /* Resources */,
			);
			buildRules = (
			);
			dependencies = (
			);
			name = AchieveYourGoal;
			packageProductDependencies = (
				7B7FD2982B1764D000A29829 /* Realm */,
				7B7FD29A2B1764D000A29829 /* RealmSwift */,
			);
			productName = AchieveYourGoal;
			productReference = 7B9249EA2B13488A000A2DB2 /* AchieveYourGoal.app */;
			productType = "com.apple.product-type.application";
		};
/* End PBXNativeTarget section */

/* Begin PBXProject section */
		7B9249E22B13488A000A2DB2 /* Project object */ = {
			isa = PBXProject;
			attributes = {
				BuildIndependentTargetsInParallel = 1;
				LastSwiftUpdateCheck = 1430;
				LastUpgradeCheck = 1430;
				TargetAttributes = {
					7B9249E92B13488A000A2DB2 = {
						CreatedOnToolsVersion = 14.3.1;
					};
				};
			};
			buildConfigurationList = 7B9249E52B13488A000A2DB2 /* Build configuration list for PBXProject "AchieveYourGoal" */;
			compatibilityVersion = "Xcode 14.0";
			developmentRegion = en;
			hasScannedForEncodings = 0;
			knownRegions = (
				en,
				Base,
			);
			mainGroup = 7B9249E12B13488A000A2DB2;
			packageReferences = (
				7B7FD2972B1764D000A29829 /* XCRemoteSwiftPackageReference "realm-swift" */,
			);
			productRefGroup = 7B9249EB2B13488A000A2DB2 /* Products */;
			projectDirPath = "";
			projectRoot = "";
			targets = (
				7B9249E92B13488A000A2DB2 /* AchieveYourGoal */,
			);
		};
/* End PBXProject section */

/* Begin PBXResourcesBuildPhase section */
		7B9249E82B13488A000A2DB2 /* Resources */ = {
			isa = PBXResourcesBuildPhase;
			buildActionMask = 2147483647;
			files = (
				7B9249F52B13488D000A2DB2 /* Preview Assets.xcassets in Resources */,
				7B9249F22B13488D000A2DB2 /* Assets.xcassets in Resources */,
			);
			runOnlyForDeploymentPostprocessing = 0;
		};
/* End PBXResourcesBuildPhase section */

/* Begin PBXSourcesBuildPhase section */
		7B9249E62B13488A000A2DB2 /* Sources */ = {
			isa = PBXSourcesBuildPhase;
			buildActionMask = 2147483647;
			files = (
				7B924A072B135D2D000A2DB2 /* HeaderView.swift in Sources */,
				7B924A012B134F21000A2DB2 /* Fixed.swift in Sources */,
				7B9249F02B13488A000A2DB2 /* HomeView.swift in Sources */,
				7B9249EE2B13488A000A2DB2 /* AchieveYourGoalApp.swift in Sources */,
				7B502FF72B161DF0008B35A0 /* HomeConfigView.swift in Sources */,
				7B924A032B1355BA000A2DB2 /* HomeViewModel.swift in Sources */,
				7B7FD2962B17634900A29829 /* GoalData.swift in Sources */,
				7B502FF52B1616C4008B35A0 /* PlusButtonImage.swift in Sources */,
			);
			runOnlyForDeploymentPostprocessing = 0;
		};
/* End PBXSourcesBuildPhase section */

/* Begin XCBuildConfiguration section */
		7B9249F62B13488D000A2DB2 /* Debug */ = {
			isa = XCBuildConfiguration;
			buildSettings = {
				ALWAYS_SEARCH_USER_PATHS = NO;
				CLANG_ANALYZER_NONNULL = YES;
				CLANG_ANALYZER_NUMBER_OBJECT_CONVERSION = YES_AGGRESSIVE;
				CLANG_CXX_LANGUAGE_STANDARD = "gnu++20";
				CLANG_ENABLE_MODULES = YES;
				CLANG_ENABLE_OBJC_ARC = YES;
				CLANG_ENABLE_OBJC_WEAK = YES;
				CLANG_WARN_BLOCK_CAPTURE_AUTORELEASING = YES;
				CLANG_WARN_BOOL_CONVERSION = YES;
				CLANG_WARN_COMMA = YES;
				CLANG_WARN_CONSTANT_CONVERSION = YES;
				CLANG_WARN_DEPRECATED_OBJC_IMPLEMENTATIONS = YES;
				CLANG_WARN_DIRECT_OBJC_ISA_USAGE = YES_ERROR;
				CLANG_WARN_DOCUMENTATION_COMMENTS = YES;
				CLANG_WARN_EMPTY_BODY = YES;
				CLANG_WARN_ENUM_CONVERSION = YES;
				CLANG_WARN_INFINITE_RECURSION = YES;
				CLANG_WARN_INT_CONVERSION = YES;
				CLANG_WARN_NON_LITERAL_NULL_CONVERSION = YES;
				CLANG_WARN_OBJC_IMPLICIT_RETAIN_SELF = YES;
				CLANG_WARN_OBJC_LITERAL_CONVERSION = YES;
				CLANG_WARN_OBJC_ROOT_CLASS = YES_ERROR;
				CLANG_WARN_QUOTED_INCLUDE_IN_FRAMEWORK_HEADER = YES;
				CLANG_WARN_RANGE_LOOP_ANALYSIS = YES;
				CLANG_WARN_STRICT_PROTOTYPES = YES;
				CLANG_WARN_SUSPICIOUS_MOVE = YES;
				CLANG_WARN_UNGUARDED_AVAILABILITY = YES_AGGRESSIVE;
				CLANG_WARN_UNREACHABLE_CODE = YES;
				CLANG_WARN__DUPLICATE_METHOD_MATCH = YES;
				COPY_PHASE_STRIP = NO;
				DEBUG_INFORMATION_FORMAT = dwarf;
				ENABLE_STRICT_OBJC_MSGSEND = YES;
				ENABLE_TESTABILITY = YES;
				GCC_C_LANGUAGE_STANDARD = gnu11;
				GCC_DYNAMIC_NO_PIC = NO;
				GCC_NO_COMMON_BLOCKS = YES;
				GCC_OPTIMIZATION_LEVEL = 0;
				GCC_PREPROCESSOR_DEFINITIONS = (
					"DEBUG=1",
					"$(inherited)",
				);
				GCC_WARN_64_TO_32_BIT_CONVERSION = YES;
				GCC_WARN_ABOUT_RETURN_TYPE = YES_ERROR;
				GCC_WARN_UNDECLARED_SELECTOR = YES;
				GCC_WARN_UNINITIALIZED_AUTOS = YES_AGGRESSIVE;
				GCC_WARN_UNUSED_FUNCTION = YES;
				GCC_WARN_UNUSED_VARIABLE = YES;
				IPHONEOS_DEPLOYMENT_TARGET = 16.4;
				MTL_ENABLE_DEBUG_INFO = INCLUDE_SOURCE;
				MTL_FAST_MATH = YES;
				ONLY_ACTIVE_ARCH = YES;
				SDKROOT = iphoneos;
				SWIFT_ACTIVE_COMPILATION_CONDITIONS = DEBUG;
				SWIFT_OPTIMIZATION_LEVEL = "-Onone";
			};
			name = Debug;
		};
		7B9249F72B13488D000A2DB2 /* Release */ = {
			isa = XCBuildConfiguration;
			buildSettings = {
				ALWAYS_SEARCH_USER_PATHS = NO;
				CLANG_ANALYZER_NONNULL = YES;
				CLANG_ANALYZER_NUMBER_OBJECT_CONVERSION = YES_AGGRESSIVE;
				CLANG_CXX_LANGUAGE_STANDARD = "gnu++20";
				CLANG_ENABLE_MODULES = YES;
				CLANG_ENABLE_OBJC_ARC = YES;
				CLANG_ENABLE_OBJC_WEAK = YES;
				CLANG_WARN_BLOCK_CAPTURE_AUTORELEASING = YES;
				CLANG_WARN_BOOL_CONVERSION = YES;
				CLANG_WARN_COMMA = YES;
				CLANG_WARN_CONSTANT_CONVERSION = YES;
				CLANG_WARN_DEPRECATED_OBJC_IMPLEMENTATIONS = YES;
				CLANG_WARN_DIRECT_OBJC_ISA_USAGE = YES_ERROR;
				CLANG_WARN_DOCUMENTATION_COMMENTS = YES;
				CLANG_WARN_EMPTY_BODY = YES;
				CLANG_WARN_ENUM_CONVERSION = YES;
				CLANG_WARN_INFINITE_RECURSION = YES;
				CLANG_WARN_INT_CONVERSION = YES;
				CLANG_WARN_NON_LITERAL_NULL_CONVERSION = YES;
				CLANG_WARN_OBJC_IMPLICIT_RETAIN_SELF = YES;
				CLANG_WARN_OBJC_LITERAL_CONVERSION = YES;
				CLANG_WARN_OBJC_ROOT_CLASS = YES_ERROR;
				CLANG_WARN_QUOTED_INCLUDE_IN_FRAMEWORK_HEADER = YES;
				CLANG_WARN_RANGE_LOOP_ANALYSIS = YES;
				CLANG_WARN_STRICT_PROTOTYPES = YES;
				CLANG_WARN_SUSPICIOUS_MOVE = YES;
				CLANG_WARN_UNGUARDED_AVAILABILITY = YES_AGGRESSIVE;
				CLANG_WARN_UNREACHABLE_CODE = YES;
				CLANG_WARN__DUPLICATE_METHOD_MATCH = YES;
				COPY_PHASE_STRIP = NO;
				DEBUG_INFORMATION_FORMAT = "dwarf-with-dsym";
				ENABLE_NS_ASSERTIONS = NO;
				ENABLE_STRICT_OBJC_MSGSEND = YES;
				GCC_C_LANGUAGE_STANDARD = gnu11;
				GCC_NO_COMMON_BLOCKS = YES;
				GCC_WARN_64_TO_32_BIT_CONVERSION = YES;
				GCC_WARN_ABOUT_RETURN_TYPE = YES_ERROR;
				GCC_WARN_UNDECLARED_SELECTOR = YES;
				GCC_WARN_UNINITIALIZED_AUTOS = YES_AGGRESSIVE;
				GCC_WARN_UNUSED_FUNCTION = YES;
				GCC_WARN_UNUSED_VARIABLE = YES;
				IPHONEOS_DEPLOYMENT_TARGET = 16.4;
				MTL_ENABLE_DEBUG_INFO = NO;
				MTL_FAST_MATH = YES;
				SDKROOT = iphoneos;
				SWIFT_COMPILATION_MODE = wholemodule;
				SWIFT_OPTIMIZATION_LEVEL = "-O";
				VALIDATE_PRODUCT = YES;
			};
			name = Release;
		};
		7B9249F92B13488D000A2DB2 /* Debug */ = {
			isa = XCBuildConfiguration;
			buildSettings = {
				ASSETCATALOG_COMPILER_APPICON_NAME = AppIcon;
				ASSETCATALOG_COMPILER_GLOBAL_ACCENT_COLOR_NAME = AccentColor;
				CODE_SIGN_STYLE = Automatic;
				CURRENT_PROJECT_VERSION = 1;
				DEVELOPMENT_ASSET_PATHS = "\"AchieveYourGoal/Preview Content\"";
				DEVELOPMENT_TEAM = 3JZRVMTX25;
				ENABLE_PREVIEWS = YES;
				GENERATE_INFOPLIST_FILE = YES;
				INFOPLIST_KEY_UIApplicationSceneManifest_Generation = YES;
				INFOPLIST_KEY_UIApplicationSupportsIndirectInputEvents = YES;
				INFOPLIST_KEY_UILaunchScreen_Generation = YES;
				INFOPLIST_KEY_UISupportedInterfaceOrientations_iPad = "UIInterfaceOrientationPortrait UIInterfaceOrientationPortraitUpsideDown UIInterfaceOrientationLandscapeLeft UIInterfaceOrientationLandscapeRight";
				INFOPLIST_KEY_UISupportedInterfaceOrientations_iPhone = "UIInterfaceOrientationPortrait UIInterfaceOrientationLandscapeLeft UIInterfaceOrientationLandscapeRight";
				IPHONEOS_DEPLOYMENT_TARGET = 16.2;
				LD_RUNPATH_SEARCH_PATHS = (
					"$(inherited)",
					"@executable_path/Frameworks",
				);
				MARKETING_VERSION = 1.0;
				PRODUCT_BUNDLE_IDENTIFIER = com.genki.AchieveYourGoal;
				PRODUCT_NAME = "$(TARGET_NAME)";
				SWIFT_EMIT_LOC_STRINGS = YES;
				SWIFT_VERSION = 5.0;
				TARGETED_DEVICE_FAMILY = "1,2";
			};
			name = Debug;
		};
		7B9249FA2B13488D000A2DB2 /* Release */ = {
			isa = XCBuildConfiguration;
			buildSettings = {
				ASSETCATALOG_COMPILER_APPICON_NAME = AppIcon;
				ASSETCATALOG_COMPILER_GLOBAL_ACCENT_COLOR_NAME = AccentColor;
				CODE_SIGN_STYLE = Automatic;
				CURRENT_PROJECT_VERSION = 1;
				DEVELOPMENT_ASSET_PATHS = "\"AchieveYourGoal/Preview Content\"";
				DEVELOPMENT_TEAM = 3JZRVMTX25;
				ENABLE_PREVIEWS = YES;
				GENERATE_INFOPLIST_FILE = YES;
				INFOPLIST_KEY_UIApplicationSceneManifest_Generation = YES;
				INFOPLIST_KEY_UIApplicationSupportsIndirectInputEvents = YES;
				INFOPLIST_KEY_UILaunchScreen_Generation = YES;
				INFOPLIST_KEY_UISupportedInterfaceOrientations_iPad = "UIInterfaceOrientationPortrait UIInterfaceOrientationPortraitUpsideDown UIInterfaceOrientationLandscapeLeft UIInterfaceOrientationLandscapeRight";
				INFOPLIST_KEY_UISupportedInterfaceOrientations_iPhone = "UIInterfaceOrientationPortrait UIInterfaceOrientationLandscapeLeft UIInterfaceOrientationLandscapeRight";
				IPHONEOS_DEPLOYMENT_TARGET = 16.2;
				LD_RUNPATH_SEARCH_PATHS = (
					"$(inherited)",
					"@executable_path/Frameworks",
				);
				MARKETING_VERSION = 1.0;
				PRODUCT_BUNDLE_IDENTIFIER = com.genki.AchieveYourGoal;
				PRODUCT_NAME = "$(TARGET_NAME)";
				SWIFT_EMIT_LOC_STRINGS = YES;
				SWIFT_VERSION = 5.0;
				TARGETED_DEVICE_FAMILY = "1,2";
			};
			name = Release;
		};
/* End XCBuildConfiguration section */

/* Begin XCConfigurationList section */
		7B9249E52B13488A000A2DB2 /* Build configuration list for PBXProject "AchieveYourGoal" */ = {
			isa = XCConfigurationList;
			buildConfigurations = (
				7B9249F62B13488D000A2DB2 /* Debug */,
				7B9249F72B13488D000A2DB2 /* Release */,
			);
			defaultConfigurationIsVisible = 0;
			defaultConfigurationName = Release;
		};
		7B9249F82B13488D000A2DB2 /* Build configuration list for PBXNativeTarget "AchieveYourGoal" */ = {
			isa = XCConfigurationList;
			buildConfigurations = (
				7B9249F92B13488D000A2DB2 /* Debug */,
				7B9249FA2B13488D000A2DB2 /* Release */,
			);
			defaultConfigurationIsVisible = 0;
			defaultConfigurationName = Release;
		};
/* End XCConfigurationList section */

/* Begin XCRemoteSwiftPackageReference section */
		7B7FD2972B1764D000A29829 /* XCRemoteSwiftPackageReference "realm-swift" */ = {
			isa = XCRemoteSwiftPackageReference;
			repositoryURL = "https://github.com/realm/realm-swift.git";
			requirement = {
				branch = master;
				kind = branch;
			};
		};
/* End XCRemoteSwiftPackageReference section */

/* Begin XCSwiftPackageProductDependency section */
		7B7FD2982B1764D000A29829 /* Realm */ = {
			isa = XCSwiftPackageProductDependency;
			package = 7B7FD2972B1764D000A29829 /* XCRemoteSwiftPackageReference "realm-swift" */;
			productName = Realm;
		};
		7B7FD29A2B1764D000A29829 /* RealmSwift */ = {
			isa = XCSwiftPackageProductDependency;
			package = 7B7FD2972B1764D000A29829 /* XCRemoteSwiftPackageReference "realm-swift" */;
			productName = RealmSwift;
		};
/* End XCSwiftPackageProductDependency section */
	};
	rootObject = 7B9249E22B13488A000A2DB2 /* Project object */;
}
